// !$*UTF8*$!
{
	archiveVersion = 1;
	classes = {
	};
	objectVersion = 46;
	objects = {

/* Begin PBXBuildFile section */
		472FCE701C56E2D5006A27A8 /* AppDelegate.swift in Sources */ = {isa = PBXBuildFile; fileRef = 472FCE6F1C56E2D5006A27A8 /* AppDelegate.swift */; };
		472FCE751C56E2D5006A27A8 /* Main.storyboard in Resources */ = {isa = PBXBuildFile; fileRef = 472FCE731C56E2D5006A27A8 /* Main.storyboard */; };
		472FCE771C56E2D5006A27A8 /* Assets.xcassets in Resources */ = {isa = PBXBuildFile; fileRef = 472FCE761C56E2D5006A27A8 /* Assets.xcassets */; };
		472FCE7A1C56E2D5006A27A8 /* LaunchScreen.storyboard in Resources */ = {isa = PBXBuildFile; fileRef = 472FCE781C56E2D5006A27A8 /* LaunchScreen.storyboard */; };
		472FCE821C56E399006A27A8 /* MoviewViewController.swift in Sources */ = {isa = PBXBuildFile; fileRef = 472FCE811C56E399006A27A8 /* MoviewViewController.swift */; };
		472FCE851C56E9A5006A27A8 /* MovieCell.swift in Sources */ = {isa = PBXBuildFile; fileRef = 472FCE841C56E9A5006A27A8 /* MovieCell.swift */; };
		474A7D2A1C59E8C600210BA5 /* CollectionViewCell.swift in Sources */ = {isa = PBXBuildFile; fileRef = 474A7D291C59E8C600210BA5 /* CollectionViewCell.swift */; };
		47FB7B151C57148000364495 /* CollectionViewController.swift in Sources */ = {isa = PBXBuildFile; fileRef = 47FB7B141C57148000364495 /* CollectionViewController.swift */; };
		57C8AF1171BBFA74C15EBD1A /* Pods_Flicks.framework in Frameworks */ = {isa = PBXBuildFile; fileRef = 0CDA49BEB0E2F1BFBC214B20 /* Pods_Flicks.framework */; };
/* End PBXBuildFile section */

/* Begin PBXFileReference section */
		0CDA49BEB0E2F1BFBC214B20 /* Pods_Flicks.framework */ = {isa = PBXFileReference; explicitFileType = wrapper.framework; includeInIndex = 0; path = Pods_Flicks.framework; sourceTree = BUILT_PRODUCTS_DIR; };
		28A5A5C4344D7D7F3A1CFD47 /* Pods-Flicks.debug.xcconfig */ = {isa = PBXFileReference; includeInIndex = 1; lastKnownFileType = text.xcconfig; name = "Pods-Flicks.debug.xcconfig"; path = "Pods/Target Support Files/Pods-Flicks/Pods-Flicks.debug.xcconfig"; sourceTree = "<group>"; };
		472FCE6C1C56E2D5006A27A8 /* Flicks.app */ = {isa = PBXFileReference; explicitFileType = wrapper.application; includeInIndex = 0; path = Flicks.app; sourceTree = BUILT_PRODUCTS_DIR; };
		472FCE6F1C56E2D5006A27A8 /* AppDelegate.swift */ = {isa = PBXFileReference; lastKnownFileType = sourcecode.swift; path = AppDelegate.swift; sourceTree = "<group>"; };
		472FCE741C56E2D5006A27A8 /* Base */ = {isa = PBXFileReference; lastKnownFileType = file.storyboard; name = Base; path = Base.lproj/Main.storyboard; sourceTree = "<group>"; };
		472FCE761C56E2D5006A27A8 /* Assets.xcassets */ = {isa = PBXFileReference; lastKnownFileType = folder.assetcatalog; path = Assets.xcassets; sourceTree = "<group>"; };
		472FCE791C56E2D5006A27A8 /* Base */ = {isa = PBXFileReference; lastKnownFileType = file.storyboard; name = Base; path = Base.lproj/LaunchScreen.storyboard; sourceTree = "<group>"; };
		472FCE7B1C56E2D5006A27A8 /* Info.plist */ = {isa = PBXFileReference; lastKnownFileType = text.plist.xml; path = Info.plist; sourceTree = "<group>"; };
		472FCE811C56E399006A27A8 /* MoviewViewController.swift */ = {isa = PBXFileReference; fileEncoding = 4; lastKnownFileType = sourcecode.swift; path = MoviewViewController.swift; sourceTree = "<group>"; };
		472FCE841C56E9A5006A27A8 /* MovieCell.swift */ = {isa = PBXFileReference; fileEncoding = 4; lastKnownFileType = sourcecode.swift; path = MovieCell.swift; sourceTree = "<group>"; };
		474A7D291C59E8C600210BA5 /* CollectionViewCell.swift */ = {isa = PBXFileReference; fileEncoding = 4; lastKnownFileType = sourcecode.swift; path = CollectionViewCell.swift; sourceTree = "<group>"; };
		47FB7B141C57148000364495 /* CollectionViewController.swift */ = {isa = PBXFileReference; fileEncoding = 4; lastKnownFileType = sourcecode.swift; path = CollectionViewController.swift; sourceTree = "<group>"; };
		4A882E134DCD3E5CFDF69A52 /* Pods-Flicks.release.xcconfig */ = {isa = PBXFileReference; includeInIndex = 1; lastKnownFileType = text.xcconfig; name = "Pods-Flicks.release.xcconfig"; path = "Pods/Target Support Files/Pods-Flicks/Pods-Flicks.release.xcconfig"; sourceTree = "<group>"; };
/* End PBXFileReference section */

/* Begin PBXFrameworksBuildPhase section */
		472FCE691C56E2D5006A27A8 /* Frameworks */ = {
			isa = PBXFrameworksBuildPhase;
			buildActionMask = 2147483647;
			files = (
				57C8AF1171BBFA74C15EBD1A /* Pods_Flicks.framework in Frameworks */,
			);
			runOnlyForDeploymentPostprocessing = 0;
		};
/* End PBXFrameworksBuildPhase section */

/* Begin PBXGroup section */
		472FCE631C56E2D4006A27A8 = {
			isa = PBXGroup;
			children = (
				472FCE6E1C56E2D5006A27A8 /* Flicks */,
				472FCE6D1C56E2D5006A27A8 /* Products */,
				B5554BB27E63EEDF6619F9ED /* Pods */,
				C9422FB824C64D58382D4558 /* Frameworks */,
			);
			sourceTree = "<group>";
		};
		472FCE6D1C56E2D5006A27A8 /* Products */ = {
			isa = PBXGroup;
			children = (
				472FCE6C1C56E2D5006A27A8 /* Flicks.app */,
			);
			name = Products;
			sourceTree = "<group>";
		};
		472FCE6E1C56E2D5006A27A8 /* Flicks */ = {
			isa = PBXGroup;
			children = (
				472FCE861C56E9AB006A27A8 /* View Controller */,
				472FCE831C56E982006A27A8 /* View */,
				472FCE6F1C56E2D5006A27A8 /* AppDelegate.swift */,
				472FCE731C56E2D5006A27A8 /* Main.storyboard */,
				472FCE761C56E2D5006A27A8 /* Assets.xcassets */,
				472FCE781C56E2D5006A27A8 /* LaunchScreen.storyboard */,
				472FCE7B1C56E2D5006A27A8 /* Info.plist */,
			);
			path = Flicks;
			sourceTree = "<group>";
		};
		472FCE831C56E982006A27A8 /* View */ = {
			isa = PBXGroup;
			children = (
				472FCE841C56E9A5006A27A8 /* MovieCell.swift */,
				474A7D291C59E8C600210BA5 /* CollectionViewCell.swift */,
			);
			name = View;
			sourceTree = "<group>";
		};
		472FCE861C56E9AB006A27A8 /* View Controller */ = {
			isa = PBXGroup;
			children = (
				472FCE811C56E399006A27A8 /* MoviewViewController.swift */,
				47FB7B141C57148000364495 /* CollectionViewController.swift */,
			);
			name = "View Controller";
			sourceTree = "<group>";
		};
		B5554BB27E63EEDF6619F9ED /* Pods */ = {
			isa = PBXGroup;
			children = (
				28A5A5C4344D7D7F3A1CFD47 /* Pods-Flicks.debug.xcconfig */,
				4A882E134DCD3E5CFDF69A52 /* Pods-Flicks.release.xcconfig */,
			);
			name = Pods;
			sourceTree = "<group>";
		};
		C9422FB824C64D58382D4558 /* Frameworks */ = {
			isa = PBXGroup;
			children = (
				0CDA49BEB0E2F1BFBC214B20 /* Pods_Flicks.framework */,
			);
			name = Frameworks;
			sourceTree = "<group>";
		};
/* End PBXGroup section */

/* Begin PBXNativeTarget section */
		472FCE6B1C56E2D5006A27A8 /* Flicks */ = {
			isa = PBXNativeTarget;
			buildConfigurationList = 472FCE7E1C56E2D5006A27A8 /* Build configuration list for PBXNativeTarget "Flicks" */;
			buildPhases = (
				E3A4ACBB34634582311479B5 /* Check Pods Manifest.lock */,
				472FCE681C56E2D5006A27A8 /* Sources */,
				472FCE691C56E2D5006A27A8 /* Frameworks */,
				472FCE6A1C56E2D5006A27A8 /* Resources */,
				FF2CB81A5E97F3A15922F16A /* Embed Pods Frameworks */,
				CB6567547AEE8A9CD7058A17 /* Copy Pods Resources */,
			);
			buildRules = (
			);
			dependencies = (
			);
			name = Flicks;
			productName = Flicks;
			productReference = 472FCE6C1C56E2D5006A27A8 /* Flicks.app */;
			productType = "com.apple.product-type.application";
		};
/* End PBXNativeTarget section */

/* Begin PBXProject section */
		472FCE641C56E2D5006A27A8 /* Project object */ = {
			isa = PBXProject;
			attributes = {
				LastSwiftUpdateCheck = 0720;
				LastUpgradeCheck = 0720;
				ORGANIZATIONNAME = "Suyeon Kang";
				TargetAttributes = {
					472FCE6B1C56E2D5006A27A8 = {
						CreatedOnToolsVersion = 7.2;
					};
				};
			};
			buildConfigurationList = 472FCE671C56E2D5006A27A8 /* Build configuration list for PBXProject "Flicks" */;
			compatibilityVersion = "Xcode 3.2";
			developmentRegion = English;
			hasScannedForEncodings = 0;
			knownRegions = (
				en,
				Base,
			);
			mainGroup = 472FCE631C56E2D4006A27A8;
			productRefGroup = 472FCE6D1C56E2D5006A27A8 /* Products */;
			projectDirPath = "";
			projectRoot = "";
			targets = (
				472FCE6B1C56E2D5006A27A8 /* Flicks */,
			);
		};
/* End PBXProject section */

/* Begin PBXResourcesBuildPhase section */
		472FCE6A1C56E2D5006A27A8 /* Resources */ = {
			isa = PBXResourcesBuildPhase;
			buildActionMask = 2147483647;
			files = (
				472FCE7A1C56E2D5006A27A8 /* LaunchScreen.storyboard in Resources */,
				472FCE771C56E2D5006A27A8 /* Assets.xcassets in Resources */,
				472FCE751C56E2D5006A27A8 /* Main.storyboard in Resources */,
			);
			runOnlyForDeploymentPostprocessing = 0;
		};
/* End PBXResourcesBuildPhase section */

/* Begin PBXShellScriptBuildPhase section */
		CB6567547AEE8A9CD7058A17 /* Copy Pods Resources */ = {
			isa = PBXShellScriptBuildPhase;
			buildActionMask = 2147483647;
			files = (
			);
			inputPaths = (
			);
			name = "Copy Pods Resources";
			outputPaths = (
			);
			runOnlyForDeploymentPostprocessing = 0;
			shellPath = /bin/sh;
			shellScript = "\"${SRCROOT}/Pods/Target Support Files/Pods-Flicks/Pods-Flicks-resources.sh\"\n";
			showEnvVarsInLog = 0;
		};
		E3A4ACBB34634582311479B5 /* Check Pods Manifest.lock */ = {
			isa = PBXShellScriptBuildPhase;
			buildActionMask = 2147483647;
			files = (
			);
			inputPaths = (
			);
			name = "Check Pods Manifest.lock";
			outputPaths = (
			);
			runOnlyForDeploymentPostprocessing = 0;
			shellPath = /bin/sh;
			shellScript = "diff \"${PODS_ROOT}/../Podfile.lock\" \"${PODS_ROOT}/Manifest.lock\" > /dev/null\nif [[ $? != 0 ]] ; then\n    cat << EOM\nerror: The sandbox is not in sync with the Podfile.lock. Run 'pod install' or update your CocoaPods installation.\nEOM\n    exit 1\nfi\n";
			showEnvVarsInLog = 0;
		};
		FF2CB81A5E97F3A15922F16A /* Embed Pods Frameworks */ = {
			isa = PBXShellScriptBuildPhase;
			buildActionMask = 2147483647;
			files = (
			);
			inputPaths = (
			);
			name = "Embed Pods Frameworks";
			outputPaths = (
			);
			runOnlyForDeploymentPostprocessing = 0;
			shellPath = /bin/sh;
			shellScript = "\"${SRCROOT}/Pods/Target Support Files/Pods-Flicks/Pods-Flicks-frameworks.sh\"\n";
			showEnvVarsInLog = 0;
		};
/* End PBXShellScriptBuildPhase section */

/* Begin PBXSourcesBuildPhase section */
		472FCE681C56E2D5006A27A8 /* Sources */ = {
			isa = PBXSourcesBuildPhase;
			buildActionMask = 2147483647;
			files = (
				474A7D2A1C59E8C600210BA5 /* CollectionViewCell.swift in Sources */,
				47FB7B151C57148000364495 /* CollectionViewController.swift in Sources */,
				472FCE701C56E2D5006A27A8 /* AppDelegate.swift in Sources */,
				472FCE821C56E399006A27A8 /* MoviewViewController.swift in Sources */,
				472FCE851C56E9A5006A27A8 /* MovieCell.swift in Sources */,
			);
			runOnlyForDeploymentPostprocessing = 0;
		};
/* End PBXSourcesBuildPhase section */

/* Begin PBXVariantGroup section */
		472FCE731C56E2D5006A27A8 /* Main.storyboard */ = {
			isa = PBXVariantGroup;
			children = (
				472FCE741C56E2D5006A27A8 /* Base */,
			);
			name = Main.storyboard;
			sourceTree = "<group>";
		};
		472FCE781C56E2D5006A27A8 /* LaunchScreen.storyboard */ = {
			isa = PBXVariantGroup;
			children = (
				472FCE791C56E2D5006A27A8 /* Base */,
			);
			name = LaunchScreen.storyboard;
			sourceTree = "<group>";
		};
/* End PBXVariantGroup section */

/* Begin XCBuildConfiguration section */
		472FCE7C1C56E2D5006A27A8 /* Debug */ = {
			isa = XCBuildConfiguration;
			buildSettings = {
				ALWAYS_SEARCH_USER_PATHS = NO;
				CLANG_CXX_LANGUAGE_STANDARD = "gnu++0x";
				CLANG_CXX_LIBRARY = "libc++";
				CLANG_ENABLE_MODULES = YES;
				CLANG_ENABLE_OBJC_ARC = YES;
				CLANG_WARN_BOOL_CONVERSION = YES;
				CLANG_WARN_CONSTANT_CONVERSION = YES;
				CLANG_WARN_DIRECT_OBJC_ISA_USAGE = YES_ERROR;
				CLANG_WARN_EMPTY_BODY = YES;
				CLANG_WARN_ENUM_CONVERSION = YES;
				CLANG_WARN_INT_CONVERSION = YES;
				CLANG_WARN_OBJC_ROOT_CLASS = YES_ERROR;
				CLANG_WARN_UNREACHABLE_CODE = YES;
				CLANG_WARN__DUPLICATE_METHOD_MATCH = YES;
				"CODE_SIGN_IDENTITY[sdk=iphoneos*]" = "iPhone Developer";
				COPY_PHASE_STRIP = NO;
				DEBUG_INFORMATION_FORMAT = dwarf;
				ENABLE_STRICT_OBJC_MSGSEND = YES;
				ENABLE_TESTABILITY = YES;
				GCC_C_LANGUAGE_STANDARD = gnu99;
				GCC_DYNAMIC_NO_PIC = NO;
				GCC_NO_COMMON_BLOCKS = YES;
				GCC_OPTIMIZATION_LEVEL = 0;
				GCC_PREPROCESSOR_DEFINITIONS = (
					"DEBUG=1",
					"$(inherited)",
				);
				GCC_WARN_64_TO_32_BIT_CONVERSION = YES;
				GCC_WARN_ABOUT_RETURN_TYPE = YES_ERROR;
				GCC_WARN_UNDECLARED_SELECTOR = YES;
				GCC_WARN_UNINITIALIZED_AUTOS = YES_AGGRESSIVE;
				GCC_WARN_UNUSED_FUNCTION = YES;
				GCC_WARN_UNUSED_VARIABLE = YES;
				IPHONEOS_DEPLOYMENT_TARGET = 9.2;
				MTL_ENABLE_DEBUG_INFO = YES;
				ONLY_ACTIVE_ARCH = YES;
				SDKROOT = iphoneos;
				SWIFT_OPTIMIZATION_LEVEL = "-Onone";
			};
			name = Debug;
		};
		472FCE7D1C56E2D5006A27A8 /* Release */ = {
			isa = XCBuildConfiguration;
			buildSettings = {
				ALWAYS_SEARCH_USER_PATHS = NO;
				CLANG_CXX_LANGUAGE_STANDARD = "gnu++0x";
				CLANG_CXX_LIBRARY = "libc++";
				CLANG_ENABLE_MODULES = YES;
				CLANG_ENABLE_OBJC_ARC = YES;
				CLANG_WARN_BOOL_CONVERSION = YES;
				CLANG_WARN_CONSTANT_CONVERSION = YES;
				CLANG_WARN_DIRECT_OBJC_ISA_USAGE = YES_ERROR;
				CLANG_WARN_EMPTY_BODY = YES;
				CLANG_WARN_ENUM_CONVERSION = YES;
				CLANG_WARN_INT_CONVERSION = YES;
				CLANG_WARN_OBJC_ROOT_CLASS = YES_ERROR;
				CLANG_WARN_UNREACHABLE_CODE = YES;
				CLANG_WARN__DUPLICATE_METHOD_MATCH = YES;
				"CODE_SIGN_IDENTITY[sdk=iphoneos*]" = "iPhone Developer";
				COPY_PHASE_STRIP = NO;
				DEBUG_INFORMATION_FORMAT = "dwarf-with-dsym";
				ENABLE_NS_ASSERTIONS = NO;
				ENABLE_STRICT_OBJC_MSGSEND = YES;
				GCC_C_LANGUAGE_STANDARD = gnu99;
				GCC_NO_COMMON_BLOCKS = YES;
				GCC_WARN_64_TO_32_BIT_CONVERSION = YES;
				GCC_WARN_ABOUT_RETURN_TYPE = YES_ERROR;
				GCC_WARN_UNDECLARED_SELECTOR = YES;
				GCC_WARN_UNINITIALIZED_AUTOS = YES_AGGRESSIVE;
				GCC_WARN_UNUSED_FUNCTION = YES;
				GCC_WARN_UNUSED_VARIABLE = YES;
				IPHONEOS_DEPLOYMENT_TARGET = 9.2;
				MTL_ENABLE_DEBUG_INFO = NO;
				SDKROOT = iphoneos;
				VALIDATE_PRODUCT = YES;
			};
			name = Release;
		};
		472FCE7F1C56E2D5006A27A8 /* Debug */ = {
			isa = XCBuildConfiguration;
			baseConfigurationReference = 28A5A5C4344D7D7F3A1CFD47 /* Pods-Flicks.debug.xcconfig */;
			buildSettings = {
				ASSETCATALOG_COMPILER_APPICON_NAME = AppIcon;
				INFOPLIST_FILE = Flicks/Info.plist;
				LD_RUNPATH_SEARCH_PATHS = "$(inherited) @executable_path/Frameworks";
				PRODUCT_BUNDLE_IDENTIFIER = come.example.Flicks;
				PRODUCT_NAME = "$(TARGET_NAME)";
			};
			name = Debug;
		};
		472FCE801C56E2D5006A27A8 /* Release */ = {
			isa = XCBuildConfiguration;
			baseConfigurationReference = 4A882E134DCD3E5CFDF69A52 /* Pods-Flicks.release.xcconfig */;
			buildSettings = {
				ASSETCATALOG_COMPILER_APPICON_NAME = AppIcon;
				INFOPLIST_FILE = Flicks/Info.plist;
				LD_RUNPATH_SEARCH_PATHS = "$(inherited) @executable_path/Frameworks";
				PRODUCT_BUNDLE_IDENTIFIER = come.example.Flicks;
				PRODUCT_NAME = "$(TARGET_NAME)";
			};
			name = Release;
		};
/* End XCBuildConfiguration section */

/* Begin XCConfigurationList section */
		472FCE671C56E2D5006A27A8 /* Build configuration list for PBXProject "Flicks" */ = {
			isa = XCConfigurationList;
			buildConfigurations = (
				472FCE7C1C56E2D5006A27A8 /* Debug */,
				472FCE7D1C56E2D5006A27A8 /* Release */,
			);
			defaultConfigurationIsVisible = 0;
			defaultConfigurationName = Release;
		};
		472FCE7E1C56E2D5006A27A8 /* Build configuration list for PBXNativeTarget "Flicks" */ = {
			isa = XCConfigurationList;
			buildConfigurations = (
				472FCE7F1C56E2D5006A27A8 /* Debug */,
				472FCE801C56E2D5006A27A8 /* Release */,
			);
			defaultConfigurationIsVisible = 0;
			defaultConfigurationName = Release;
		};
/* End XCConfigurationList section */
	};
	rootObject = 472FCE641C56E2D5006A27A8 /* Project object */;
}
